
Microsoft Visual Studio Solution File, Format Version 12.00
# Visual Studio Version 17
VisualStudioVersion = 17.5.002.0
MinimumVisualStudioVersion = 10.0.40219.1
Project("{9A19103F-16F7-4668-BE54-9A1E7A4F7556}") = "SpanBenchmark", "SpanBenchmark.csproj", "{1AFEA772-5129-49D8-90AD-FE3A24CA3999}"
EndProject
Global
	GlobalSection(SolutionConfigurationPlatforms) = preSolution
		Debug|Any CPU = Debug|Any CPU
		Release|Any CPU = Release|Any CPU
	EndGlobalSection
	GlobalSection(ProjectConfigurationPlatforms) = postSolution
		{1AFEA772-5129-49D8-90AD-FE3A24CA3999}.Debug|Any CPU.ActiveCfg = Debug|Any CPU
		{1AFEA772-5129-49D8-90AD-FE3A24CA3999}.Debug|Any CPU.Build.0 = Debug|Any CPU
		{1AFEA772-5129-49D8-90AD-FE3A24CA3999}.Release|Any CPU.ActiveCfg = Release|Any CPU
		{1AFEA772-5129-49D8-90AD-FE3A24CA3999}.Release|Any CPU.Build.0 = Release|Any CPU
	EndGlobalSection
	GlobalSection(SolutionProperties) = preSolution
		HideSolutionNode = FALSE
	EndGlobalSection
	GlobalSection(ExtensibilityGlobals) = postSolution
		SolutionGuid = {A452E38E-171D-44CF-B3D3-1BD724DE6278}
	EndGlobalSection
EndGlobal
